// !$*UTF8*$!
{
	archiveVersion = 1;
	classes = {
	};
	objectVersion = 46;
	objects = {

/* Begin PBXBuildFile section */
		B62385BA16835B610039478E /* TTSMapListViewController.m in Sources */ = {isa = PBXBuildFile; fileRef = B62385B916835B610039478E /* TTSMapListViewController.m */; };
		B6710D16167FE846007B026E /* UIKit.framework in Frameworks */ = {isa = PBXBuildFile; fileRef = B6710D15167FE846007B026E /* UIKit.framework */; };
		B6710D18167FE846007B026E /* Foundation.framework in Frameworks */ = {isa = PBXBuildFile; fileRef = B6710D17167FE846007B026E /* Foundation.framework */; };
		B6710D1A167FE846007B026E /* CoreGraphics.framework in Frameworks */ = {isa = PBXBuildFile; fileRef = B6710D19167FE846007B026E /* CoreGraphics.framework */; };
		B6710D20167FE846007B026E /* InfoPlist.strings in Resources */ = {isa = PBXBuildFile; fileRef = B6710D1E167FE846007B026E /* InfoPlist.strings */; };
		B6710D22167FE846007B026E /* main.m in Sources */ = {isa = PBXBuildFile; fileRef = B6710D21167FE846007B026E /* main.m */; };
		B6710D26167FE846007B026E /* TTSAppDelegate.m in Sources */ = {isa = PBXBuildFile; fileRef = B6710D25167FE846007B026E /* TTSAppDelegate.m */; };
		B6710D28167FE846007B026E /* Default.png in Resources */ = {isa = PBXBuildFile; fileRef = B6710D27167FE846007B026E /* Default.png */; };
		B6710D2A167FE846007B026E /* Default@2x.png in Resources */ = {isa = PBXBuildFile; fileRef = B6710D29167FE846007B026E /* Default@2x.png */; };
		B6710D2C167FE846007B026E /* Default-568h@2x.png in Resources */ = {isa = PBXBuildFile; fileRef = B6710D2B167FE846007B026E /* Default-568h@2x.png */; };
		B6710D2F167FE846007B026E /* MainStoryboard_iPhone.storyboard in Resources */ = {isa = PBXBuildFile; fileRef = B6710D2D167FE846007B026E /* MainStoryboard_iPhone.storyboard */; };
		B6710D32167FE846007B026E /* MainStoryboard_iPad.storyboard in Resources */ = {isa = PBXBuildFile; fileRef = B6710D30167FE846007B026E /* MainStoryboard_iPad.storyboard */; };
		B6710D35167FE846007B026E /* TTSViewController.m in Sources */ = {isa = PBXBuildFile; fileRef = B6710D34167FE846007B026E /* TTSViewController.m */; };
		B6710D3D167FE846007B026E /* SenTestingKit.framework in Frameworks */ = {isa = PBXBuildFile; fileRef = B6710D3C167FE846007B026E /* SenTestingKit.framework */; };
		B6710D3E167FE846007B026E /* UIKit.framework in Frameworks */ = {isa = PBXBuildFile; fileRef = B6710D15167FE846007B026E /* UIKit.framework */; };
		B6710D3F167FE846007B026E /* Foundation.framework in Frameworks */ = {isa = PBXBuildFile; fileRef = B6710D17167FE846007B026E /* Foundation.framework */; };
		B6710D47167FE846007B026E /* InfoPlist.strings in Resources */ = {isa = PBXBuildFile; fileRef = B6710D45167FE846007B026E /* InfoPlist.strings */; };
		B6710D4A167FE846007B026E /* SpotTheDotTests.m in Sources */ = {isa = PBXBuildFile; fileRef = B6710D49167FE846007B026E /* SpotTheDotTests.m */; };
		B6710D591680AE70007B026E /* TTSDot.m in Sources */ = {isa = PBXBuildFile; fileRef = B6710D581680AE70007B026E /* TTSDot.m */; };
		B6710D5C1680AE98007B026E /* TTSMap.m in Sources */ = {isa = PBXBuildFile; fileRef = B6710D5B1680AE98007B026E /* TTSMap.m */; };
		B6710D5F1680AF1D007B026E /* TTSTestMap.m in Sources */ = {isa = PBXBuildFile; fileRef = B6710D5E1680AF1D007B026E /* TTSTestMap.m */; };
		B69256EA1684C35C00CC703B /* CHANGELOG.md in Resources */ = {isa = PBXBuildFile; fileRef = B69256BD1684C35C00CC703B /* CHANGELOG.md */; };
		B69256EB1684C35C00CC703B /* libstackmob-v1.1.3.a in Frameworks */ = {isa = PBXBuildFile; fileRef = B69256E91684C35C00CC703B /* libstackmob-v1.1.3.a */; };
		B69256EE1684C38B00CC703B /* CoreData.framework in Frameworks */ = {isa = PBXBuildFile; fileRef = B69256ED1684C38B00CC703B /* CoreData.framework */; };
		B69256F01684C39600CC703B /* Security.framework in Frameworks */ = {isa = PBXBuildFile; fileRef = B69256EF1684C39600CC703B /* Security.framework */; };
		B69256F21684C3A000CC703B /* SystemConfiguration.framework in Frameworks */ = {isa = PBXBuildFile; fileRef = B69256F11684C3A000CC703B /* SystemConfiguration.framework */; };
		B69256F41684C3A600CC703B /* MobileCoreServices.framework in Frameworks */ = {isa = PBXBuildFile; fileRef = B69256F31684C3A600CC703B /* MobileCoreServices.framework */; };
		B69256F71684C4C000CC703B /* Map.xcdatamodeld in Sources */ = {isa = PBXBuildFile; fileRef = B69256F51684C4C000CC703B /* Map.xcdatamodeld */; };
		B693DB6D1682ABD9003F2F57 /* TTSDotToDotsList.m in Sources */ = {isa = PBXBuildFile; fileRef = B693DB6C1682ABD9003F2F57 /* TTSDotToDotsList.m */; };
		B693DB751682B517003F2F57 /* TTSCategoryListViewController.m in Sources */ = {isa = PBXBuildFile; fileRef = B693DB741682B517003F2F57 /* TTSCategoryListViewController.m */; };
		B693DB781682B545003F2F57 /* TTSSettingsViewController.m in Sources */ = {isa = PBXBuildFile; fileRef = B693DB771682B545003F2F57 /* TTSSettingsViewController.m */; };
		B693DB7B1682B565003F2F57 /* TTSMultiplayerViewController.m in Sources */ = {isa = PBXBuildFile; fileRef = B693DB7A1682B565003F2F57 /* TTSMultiplayerViewController.m */; };
		B6F60BD5168E15B9002C3666 /* TTSCategoryData.m in Sources */ = {isa = PBXBuildFile; fileRef = B6F60BD4168E15B9002C3666 /* TTSCategoryData.m */; };
		B6F60BD8168E23AA002C3666 /* TTSMapData.m in Sources */ = {isa = PBXBuildFile; fileRef = B6F60BD7168E23AA002C3666 /* TTSMapData.m */; };
/* End PBXBuildFile section */

/* Begin PBXContainerItemProxy section */
		B6710D40167FE846007B026E /* PBXContainerItemProxy */ = {
			isa = PBXContainerItemProxy;
			containerPortal = B6710D08167FE846007B026E /* Project object */;
			proxyType = 1;
			remoteGlobalIDString = B6710D10167FE846007B026E;
			remoteInfo = SpotTheDot;
		};
/* End PBXContainerItemProxy section */

/* Begin PBXFileReference section */
		B62385B816835B610039478E /* TTSMapListViewController.h */ = {isa = PBXFileReference; fileEncoding = 4; lastKnownFileType = sourcecode.c.h; path = TTSMapListViewController.h; sourceTree = "<group>"; };
		B62385B916835B610039478E /* TTSMapListViewController.m */ = {isa = PBXFileReference; fileEncoding = 4; lastKnownFileType = sourcecode.c.objc; path = TTSMapListViewController.m; sourceTree = "<group>"; };
		B6710D11167FE846007B026E /* SpotTheDot.app */ = {isa = PBXFileReference; explicitFileType = wrapper.application; includeInIndex = 0; path = SpotTheDot.app; sourceTree = BUILT_PRODUCTS_DIR; };
		B6710D15167FE846007B026E /* UIKit.framework */ = {isa = PBXFileReference; lastKnownFileType = wrapper.framework; name = UIKit.framework; path = System/Library/Frameworks/UIKit.framework; sourceTree = SDKROOT; };
		B6710D17167FE846007B026E /* Foundation.framework */ = {isa = PBXFileReference; lastKnownFileType = wrapper.framework; name = Foundation.framework; path = System/Library/Frameworks/Foundation.framework; sourceTree = SDKROOT; };
		B6710D19167FE846007B026E /* CoreGraphics.framework */ = {isa = PBXFileReference; lastKnownFileType = wrapper.framework; name = CoreGraphics.framework; path = System/Library/Frameworks/CoreGraphics.framework; sourceTree = SDKROOT; };
		B6710D1D167FE846007B026E /* SpotTheDot-Info.plist */ = {isa = PBXFileReference; lastKnownFileType = text.plist.xml; path = "SpotTheDot-Info.plist"; sourceTree = "<group>"; };
		B6710D1F167FE846007B026E /* en */ = {isa = PBXFileReference; lastKnownFileType = text.plist.strings; name = en; path = en.lproj/InfoPlist.strings; sourceTree = "<group>"; };
		B6710D21167FE846007B026E /* main.m */ = {isa = PBXFileReference; lastKnownFileType = sourcecode.c.objc; path = main.m; sourceTree = "<group>"; };
		B6710D23167FE846007B026E /* SpotTheDot-Prefix.pch */ = {isa = PBXFileReference; lastKnownFileType = sourcecode.c.h; path = "SpotTheDot-Prefix.pch"; sourceTree = "<group>"; };
		B6710D24167FE846007B026E /* TTSAppDelegate.h */ = {isa = PBXFileReference; lastKnownFileType = sourcecode.c.h; path = TTSAppDelegate.h; sourceTree = "<group>"; };
		B6710D25167FE846007B026E /* TTSAppDelegate.m */ = {isa = PBXFileReference; lastKnownFileType = sourcecode.c.objc; path = TTSAppDelegate.m; sourceTree = "<group>"; };
		B6710D27167FE846007B026E /* Default.png */ = {isa = PBXFileReference; lastKnownFileType = image.png; path = Default.png; sourceTree = "<group>"; };
		B6710D29167FE846007B026E /* Default@2x.png */ = {isa = PBXFileReference; lastKnownFileType = image.png; path = "Default@2x.png"; sourceTree = "<group>"; };
		B6710D2B167FE846007B026E /* Default-568h@2x.png */ = {isa = PBXFileReference; lastKnownFileType = image.png; path = "Default-568h@2x.png"; sourceTree = "<group>"; };
		B6710D2E167FE846007B026E /* en */ = {isa = PBXFileReference; lastKnownFileType = file.storyboard; name = en; path = en.lproj/MainStoryboard_iPhone.storyboard; sourceTree = "<group>"; };
		B6710D31167FE846007B026E /* en */ = {isa = PBXFileReference; lastKnownFileType = file.storyboard; name = en; path = en.lproj/MainStoryboard_iPad.storyboard; sourceTree = "<group>"; };
		B6710D33167FE846007B026E /* TTSViewController.h */ = {isa = PBXFileReference; lastKnownFileType = sourcecode.c.h; path = TTSViewController.h; sourceTree = "<group>"; };
		B6710D34167FE846007B026E /* TTSViewController.m */ = {isa = PBXFileReference; lastKnownFileType = sourcecode.c.objc; path = TTSViewController.m; sourceTree = "<group>"; };
		B6710D3B167FE846007B026E /* SpotTheDotTests.octest */ = {isa = PBXFileReference; explicitFileType = wrapper.cfbundle; includeInIndex = 0; path = SpotTheDotTests.octest; sourceTree = BUILT_PRODUCTS_DIR; };
		B6710D3C167FE846007B026E /* SenTestingKit.framework */ = {isa = PBXFileReference; lastKnownFileType = wrapper.framework; name = SenTestingKit.framework; path = Library/Frameworks/SenTestingKit.framework; sourceTree = DEVELOPER_DIR; };
		B6710D44167FE846007B026E /* SpotTheDotTests-Info.plist */ = {isa = PBXFileReference; lastKnownFileType = text.plist.xml; path = "SpotTheDotTests-Info.plist"; sourceTree = "<group>"; };
		B6710D46167FE846007B026E /* en */ = {isa = PBXFileReference; lastKnownFileType = text.plist.strings; name = en; path = en.lproj/InfoPlist.strings; sourceTree = "<group>"; };
		B6710D48167FE846007B026E /* SpotTheDotTests.h */ = {isa = PBXFileReference; lastKnownFileType = sourcecode.c.h; path = SpotTheDotTests.h; sourceTree = "<group>"; };
		B6710D49167FE846007B026E /* SpotTheDotTests.m */ = {isa = PBXFileReference; lastKnownFileType = sourcecode.c.objc; path = SpotTheDotTests.m; sourceTree = "<group>"; };
		B6710D571680AE70007B026E /* TTSDot.h */ = {isa = PBXFileReference; fileEncoding = 4; lastKnownFileType = sourcecode.c.h; path = TTSDot.h; sourceTree = "<group>"; };
		B6710D581680AE70007B026E /* TTSDot.m */ = {isa = PBXFileReference; fileEncoding = 4; lastKnownFileType = sourcecode.c.objc; path = TTSDot.m; sourceTree = "<group>"; };
		B6710D5A1680AE98007B026E /* TTSMap.h */ = {isa = PBXFileReference; fileEncoding = 4; lastKnownFileType = sourcecode.c.h; path = TTSMap.h; sourceTree = "<group>"; };
		B6710D5B1680AE98007B026E /* TTSMap.m */ = {isa = PBXFileReference; fileEncoding = 4; lastKnownFileType = sourcecode.c.objc; path = TTSMap.m; sourceTree = "<group>"; };
		B6710D5D1680AF1D007B026E /* TTSTestMap.h */ = {isa = PBXFileReference; fileEncoding = 4; lastKnownFileType = sourcecode.c.h; path = TTSTestMap.h; sourceTree = "<group>"; };
		B6710D5E1680AF1D007B026E /* TTSTestMap.m */ = {isa = PBXFileReference; fileEncoding = 4; lastKnownFileType = sourcecode.c.objc; path = TTSTestMap.m; sourceTree = "<group>"; };
		B6710D601680B2D4007B026E /* TTSMapDelegate.h */ = {isa = PBXFileReference; fileEncoding = 4; lastKnownFileType = sourcecode.c.h; path = TTSMapDelegate.h; sourceTree = "<group>"; };
		B69256BD1684C35C00CC703B /* CHANGELOG.md */ = {isa = PBXFileReference; fileEncoding = 4; lastKnownFileType = text; path = CHANGELOG.md; sourceTree = "<group>"; };
		B69256BF1684C35C00CC703B /* AFHTTPClient.h */ = {isa = PBXFileReference; fileEncoding = 4; lastKnownFileType = sourcecode.c.h; path = AFHTTPClient.h; sourceTree = "<group>"; };
		B69256C01684C35C00CC703B /* AFHTTPRequestOperation.h */ = {isa = PBXFileReference; fileEncoding = 4; lastKnownFileType = sourcecode.c.h; path = AFHTTPRequestOperation.h; sourceTree = "<group>"; };
		B69256C11684C35C00CC703B /* AFImageRequestOperation.h */ = {isa = PBXFileReference; fileEncoding = 4; lastKnownFileType = sourcecode.c.h; path = AFImageRequestOperation.h; sourceTree = "<group>"; };
		B69256C21684C35C00CC703B /* AFJSONRequestOperation.h */ = {isa = PBXFileReference; fileEncoding = 4; lastKnownFileType = sourcecode.c.h; path = AFJSONRequestOperation.h; sourceTree = "<group>"; };
		B69256C31684C35C00CC703B /* AFJSONUtilities.h */ = {isa = PBXFileReference; fileEncoding = 4; lastKnownFileType = sourcecode.c.h; path = AFJSONUtilities.h; sourceTree = "<group>"; };
		B69256C41684C35C00CC703B /* AFNetworkActivityIndicatorManager.h */ = {isa = PBXFileReference; fileEncoding = 4; lastKnownFileType = sourcecode.c.h; path = AFNetworkActivityIndicatorManager.h; sourceTree = "<group>"; };
		B69256C51684C35C00CC703B /* AFNetworking.h */ = {isa = PBXFileReference; fileEncoding = 4; lastKnownFileType = sourcecode.c.h; path = AFNetworking.h; sourceTree = "<group>"; };
		B69256C61684C35C00CC703B /* AFPropertyListRequestOperation.h */ = {isa = PBXFileReference; fileEncoding = 4; lastKnownFileType = sourcecode.c.h; path = AFPropertyListRequestOperation.h; sourceTree = "<group>"; };
		B69256C71684C35C00CC703B /* AFURLConnectionOperation.h */ = {isa = PBXFileReference; fileEncoding = 4; lastKnownFileType = sourcecode.c.h; path = AFURLConnectionOperation.h; sourceTree = "<group>"; };
		B69256C81684C35C00CC703B /* AFXMLRequestOperation.h */ = {isa = PBXFileReference; fileEncoding = 4; lastKnownFileType = sourcecode.c.h; path = AFXMLRequestOperation.h; sourceTree = "<group>"; };
		B69256C91684C35C00CC703B /* Base64EncodedStringFromData.h */ = {isa = PBXFileReference; fileEncoding = 4; lastKnownFileType = sourcecode.c.h; path = Base64EncodedStringFromData.h; sourceTree = "<group>"; };
		B69256CA1684C35C00CC703B /* KeychainWrapper.h */ = {isa = PBXFileReference; fileEncoding = 4; lastKnownFileType = sourcecode.c.h; path = KeychainWrapper.h; sourceTree = "<group>"; };
		B69256CB1684C35C00CC703B /* NSArray+Enumerable.h */ = {isa = PBXFileReference; fileEncoding = 4; lastKnownFileType = sourcecode.c.h; path = "NSArray+Enumerable.h"; sourceTree = "<group>"; };
		B69256CC1684C35C00CC703B /* NSDictionary+AtomicCounter.h */ = {isa = PBXFileReference; fileEncoding = 4; lastKnownFileType = sourcecode.c.h; path = "NSDictionary+AtomicCounter.h"; sourceTree = "<group>"; };
		B69256CD1684C35C00CC703B /* NSEntityDescription+StackMobSerialization.h */ = {isa = PBXFileReference; fileEncoding = 4; lastKnownFileType = sourcecode.c.h; path = "NSEntityDescription+StackMobSerialization.h"; sourceTree = "<group>"; };
		B69256CE1684C35C00CC703B /* NSManagedObject+StackMobSerialization.h */ = {isa = PBXFileReference; fileEncoding = 4; lastKnownFileType = sourcecode.c.h; path = "NSManagedObject+StackMobSerialization.h"; sourceTree = "<group>"; };
		B69256CF1684C35C00CC703B /* SMBinaryDataConversion.h */ = {isa = PBXFileReference; fileEncoding = 4; lastKnownFileType = sourcecode.c.h; path = SMBinaryDataConversion.h; sourceTree = "<group>"; };
		B69256D01684C35C00CC703B /* SMClient.h */ = {isa = PBXFileReference; fileEncoding = 4; lastKnownFileType = sourcecode.c.h; path = SMClient.h; sourceTree = "<group>"; };
		B69256D11684C35C00CC703B /* SMCoreDataStore.h */ = {isa = PBXFileReference; fileEncoding = 4; lastKnownFileType = sourcecode.c.h; path = SMCoreDataStore.h; sourceTree = "<group>"; };
		B69256D21684C35C00CC703B /* SMCustomCodeRequest.h */ = {isa = PBXFileReference; fileEncoding = 4; lastKnownFileType = sourcecode.c.h; path = SMCustomCodeRequest.h; sourceTree = "<group>"; };
		B69256D31684C35C00CC703B /* SMDataStore+Protected.h */ = {isa = PBXFileReference; fileEncoding = 4; lastKnownFileType = sourcecode.c.h; path = "SMDataStore+Protected.h"; sourceTree = "<group>"; };
		B69256D41684C35C00CC703B /* SMDataStore.h */ = {isa = PBXFileReference; fileEncoding = 4; lastKnownFileType = sourcecode.c.h; path = SMDataStore.h; sourceTree = "<group>"; };
		B69256D51684C35C00CC703B /* SMError.h */ = {isa = PBXFileReference; fileEncoding = 4; lastKnownFileType = sourcecode.c.h; path = SMError.h; sourceTree = "<group>"; };
		B69256D61684C35C00CC703B /* SMIncrementalStore+Query.h */ = {isa = PBXFileReference; fileEncoding = 4; lastKnownFileType = sourcecode.c.h; path = "SMIncrementalStore+Query.h"; sourceTree = "<group>"; };
		B69256D71684C35C00CC703B /* SMIncrementalStore.h */ = {isa = PBXFileReference; fileEncoding = 4; lastKnownFileType = sourcecode.c.h; path = SMIncrementalStore.h; sourceTree = "<group>"; };
		B69256D81684C35C00CC703B /* SMJSONRequestOperation.h */ = {isa = PBXFileReference; fileEncoding = 4; lastKnownFileType = sourcecode.c.h; path = SMJSONRequestOperation.h; sourceTree = "<group>"; };
		B69256D91684C35C00CC703B /* SMNetworkReachability.h */ = {isa = PBXFileReference; fileEncoding = 4; lastKnownFileType = sourcecode.c.h; path = SMNetworkReachability.h; sourceTree = "<group>"; };
		B69256DA1684C35C00CC703B /* SMOAuth1Client.h */ = {isa = PBXFileReference; fileEncoding = 4; lastKnownFileType = sourcecode.c.h; path = SMOAuth1Client.h; sourceTree = "<group>"; };
		B69256DB1684C35C00CC703B /* SMOAuth2Client.h */ = {isa = PBXFileReference; fileEncoding = 4; lastKnownFileType = sourcecode.c.h; path = SMOAuth2Client.h; sourceTree = "<group>"; };
		B69256DC1684C35C00CC703B /* SMPushClient.h */ = {isa = PBXFileReference; fileEncoding = 4; lastKnownFileType = sourcecode.c.h; path = SMPushClient.h; sourceTree = "<group>"; };
		B69256DD1684C35C00CC703B /* SMPushToken.h */ = {isa = PBXFileReference; fileEncoding = 4; lastKnownFileType = sourcecode.c.h; path = SMPushToken.h; sourceTree = "<group>"; };
		B69256DE1684C35C00CC703B /* SMQuery.h */ = {isa = PBXFileReference; fileEncoding = 4; lastKnownFileType = sourcecode.c.h; path = SMQuery.h; sourceTree = "<group>"; };
		B69256DF1684C35C00CC703B /* SMRequestOptions.h */ = {isa = PBXFileReference; fileEncoding = 4; lastKnownFileType = sourcecode.c.h; path = SMRequestOptions.h; sourceTree = "<group>"; };
		B69256E01684C35C00CC703B /* SMResponseBlocks.h */ = {isa = PBXFileReference; fileEncoding = 4; lastKnownFileType = sourcecode.c.h; path = SMResponseBlocks.h; sourceTree = "<group>"; };
		B69256E11684C35C00CC703B /* SMUserManagedObject.h */ = {isa = PBXFileReference; fileEncoding = 4; lastKnownFileType = sourcecode.c.h; path = SMUserManagedObject.h; sourceTree = "<group>"; };
		B69256E21684C35C00CC703B /* SMUserSession.h */ = {isa = PBXFileReference; fileEncoding = 4; lastKnownFileType = sourcecode.c.h; path = SMUserSession.h; sourceTree = "<group>"; };
		B69256E31684C35C00CC703B /* SMVersion.h */ = {isa = PBXFileReference; fileEncoding = 4; lastKnownFileType = sourcecode.c.h; path = SMVersion.h; sourceTree = "<group>"; };
		B69256E41684C35C00CC703B /* StackMob.h */ = {isa = PBXFileReference; fileEncoding = 4; lastKnownFileType = sourcecode.c.h; path = StackMob.h; sourceTree = "<group>"; };
		B69256E51684C35C00CC703B /* StackMobPush.h */ = {isa = PBXFileReference; fileEncoding = 4; lastKnownFileType = sourcecode.c.h; path = StackMobPush.h; sourceTree = "<group>"; };
		B69256E61684C35C00CC703B /* Synchronization.h */ = {isa = PBXFileReference; fileEncoding = 4; lastKnownFileType = sourcecode.c.h; path = Synchronization.h; sourceTree = "<group>"; };
		B69256E71684C35C00CC703B /* SystemInformation.h */ = {isa = PBXFileReference; fileEncoding = 4; lastKnownFileType = sourcecode.c.h; path = SystemInformation.h; sourceTree = "<group>"; };
		B69256E81684C35C00CC703B /* UIImageView+AFNetworking.h */ = {isa = PBXFileReference; fileEncoding = 4; lastKnownFileType = sourcecode.c.h; path = "UIImageView+AFNetworking.h"; sourceTree = "<group>"; };
		B69256E91684C35C00CC703B /* libstackmob-v1.1.3.a */ = {isa = PBXFileReference; lastKnownFileType = archive.ar; path = "libstackmob-v1.1.3.a"; sourceTree = "<group>"; };
		B69256ED1684C38B00CC703B /* CoreData.framework */ = {isa = PBXFileReference; lastKnownFileType = wrapper.framework; name = CoreData.framework; path = System/Library/Frameworks/CoreData.framework; sourceTree = SDKROOT; };
		B69256EF1684C39600CC703B /* Security.framework */ = {isa = PBXFileReference; lastKnownFileType = wrapper.framework; name = Security.framework; path = System/Library/Frameworks/Security.framework; sourceTree = SDKROOT; };
		B69256F11684C3A000CC703B /* SystemConfiguration.framework */ = {isa = PBXFileReference; lastKnownFileType = wrapper.framework; name = SystemConfiguration.framework; path = System/Library/Frameworks/SystemConfiguration.framework; sourceTree = SDKROOT; };
		B69256F31684C3A600CC703B /* MobileCoreServices.framework */ = {isa = PBXFileReference; lastKnownFileType = wrapper.framework; name = MobileCoreServices.framework; path = System/Library/Frameworks/MobileCoreServices.framework; sourceTree = SDKROOT; };
		B69256F61684C4C000CC703B /* Map.xcdatamodel */ = {isa = PBXFileReference; lastKnownFileType = wrapper.xcdatamodel; path = Map.xcdatamodel; sourceTree = "<group>"; };
		B693DB6A1682ABD9003F2F57 /* TTSDotMapDataSource.h */ = {isa = PBXFileReference; fileEncoding = 4; lastKnownFileType = sourcecode.c.h; path = TTSDotMapDataSource.h; sourceTree = "<group>"; };
		B693DB6B1682ABD9003F2F57 /* TTSDotToDotsList.h */ = {isa = PBXFileReference; fileEncoding = 4; lastKnownFileType = sourcecode.c.h; path = TTSDotToDotsList.h; sourceTree = "<group>"; };
		B693DB6C1682ABD9003F2F57 /* TTSDotToDotsList.m */ = {isa = PBXFileReference; fileEncoding = 4; lastKnownFileType = sourcecode.c.objc; path = TTSDotToDotsList.m; sourceTree = "<group>"; };
		B693DB731682B517003F2F57 /* TTSCategoryListViewController.h */ = {isa = PBXFileReference; fileEncoding = 4; lastKnownFileType = sourcecode.c.h; path = TTSCategoryListViewController.h; sourceTree = "<group>"; };
		B693DB741682B517003F2F57 /* TTSCategoryListViewController.m */ = {isa = PBXFileReference; fileEncoding = 4; lastKnownFileType = sourcecode.c.objc; path = TTSCategoryListViewController.m; sourceTree = "<group>"; };
		B693DB761682B545003F2F57 /* TTSSettingsViewController.h */ = {isa = PBXFileReference; fileEncoding = 4; lastKnownFileType = sourcecode.c.h; path = TTSSettingsViewController.h; sourceTree = "<group>"; };
		B693DB771682B545003F2F57 /* TTSSettingsViewController.m */ = {isa = PBXFileReference; fileEncoding = 4; lastKnownFileType = sourcecode.c.objc; path = TTSSettingsViewController.m; sourceTree = "<group>"; };
		B693DB791682B565003F2F57 /* TTSMultiplayerViewController.h */ = {isa = PBXFileReference; fileEncoding = 4; lastKnownFileType = sourcecode.c.h; path = TTSMultiplayerViewController.h; sourceTree = "<group>"; };
		B693DB7A1682B565003F2F57 /* TTSMultiplayerViewController.m */ = {isa = PBXFileReference; fileEncoding = 4; lastKnownFileType = sourcecode.c.objc; path = TTSMultiplayerViewController.m; sourceTree = "<group>"; };
		B6F60BD1168E08EE002C3666 /* TTSDataSource.h */ = {isa = PBXFileReference; fileEncoding = 4; lastKnownFileType = sourcecode.c.h; path = TTSDataSource.h; sourceTree = "<group>"; };
		B6F60BD3168E15B9002C3666 /* TTSCategoryData.h */ = {isa = PBXFileReference; fileEncoding = 4; lastKnownFileType = sourcecode.c.h; path = TTSCategoryData.h; sourceTree = "<group>"; };
		B6F60BD4168E15B9002C3666 /* TTSCategoryData.m */ = {isa = PBXFileReference; fileEncoding = 4; lastKnownFileType = sourcecode.c.objc; path = TTSCategoryData.m; sourceTree = "<group>"; };
		B6F60BD6168E23AA002C3666 /* TTSMapData.h */ = {isa = PBXFileReference; fileEncoding = 4; lastKnownFileType = sourcecode.c.h; path = TTSMapData.h; sourceTree = "<group>"; };
		B6F60BD7168E23AA002C3666 /* TTSMapData.m */ = {isa = PBXFileReference; fileEncoding = 4; lastKnownFileType = sourcecode.c.objc; path = TTSMapData.m; sourceTree = "<group>"; };
/* End PBXFileReference section */

/* Begin PBXFrameworksBuildPhase section */
		B6710D0E167FE846007B026E /* Frameworks */ = {
			isa = PBXFrameworksBuildPhase;
			buildActionMask = 2147483647;
			files = (
				B69256F41684C3A600CC703B /* MobileCoreServices.framework in Frameworks */,
				B69256F21684C3A000CC703B /* SystemConfiguration.framework in Frameworks */,
				B69256F01684C39600CC703B /* Security.framework in Frameworks */,
				B69256EE1684C38B00CC703B /* CoreData.framework in Frameworks */,
				B6710D16167FE846007B026E /* UIKit.framework in Frameworks */,
				B6710D18167FE846007B026E /* Foundation.framework in Frameworks */,
				B6710D1A167FE846007B026E /* CoreGraphics.framework in Frameworks */,
				B69256EB1684C35C00CC703B /* libstackmob-v1.1.3.a in Frameworks */,
			);
			runOnlyForDeploymentPostprocessing = 0;
		};
		B6710D37167FE846007B026E /* Frameworks */ = {
			isa = PBXFrameworksBuildPhase;
			buildActionMask = 2147483647;
			files = (
				B6710D3D167FE846007B026E /* SenTestingKit.framework in Frameworks */,
				B6710D3E167FE846007B026E /* UIKit.framework in Frameworks */,
				B6710D3F167FE846007B026E /* Foundation.framework in Frameworks */,
			);
			runOnlyForDeploymentPostprocessing = 0;
		};
/* End PBXFrameworksBuildPhase section */

/* Begin PBXGroup section */
		B6710D06167FE846007B026E = {
			isa = PBXGroup;
			children = (
				B6710D1B167FE846007B026E /* SpotTheDot */,
				B6710D42167FE846007B026E /* SpotTheDotTests */,
				B69256BC1684C35C00CC703B /* StackMob-v1.1.3 */,
				B6710D14167FE846007B026E /* Frameworks */,
				B6710D12167FE846007B026E /* Products */,
			);
			sourceTree = "<group>";
		};
		B6710D12167FE846007B026E /* Products */ = {
			isa = PBXGroup;
			children = (
				B6710D11167FE846007B026E /* SpotTheDot.app */,
				B6710D3B167FE846007B026E /* SpotTheDotTests.octest */,
			);
			name = Products;
			sourceTree = "<group>";
		};
		B6710D14167FE846007B026E /* Frameworks */ = {
			isa = PBXGroup;
			children = (
				B69256F31684C3A600CC703B /* MobileCoreServices.framework */,
				B69256F11684C3A000CC703B /* SystemConfiguration.framework */,
				B69256EF1684C39600CC703B /* Security.framework */,
				B69256ED1684C38B00CC703B /* CoreData.framework */,
				B6710D15167FE846007B026E /* UIKit.framework */,
				B6710D17167FE846007B026E /* Foundation.framework */,
				B6710D19167FE846007B026E /* CoreGraphics.framework */,
				B6710D3C167FE846007B026E /* SenTestingKit.framework */,
			);
			name = Frameworks;
			sourceTree = "<group>";
		};
		B6710D1B167FE846007B026E /* SpotTheDot */ = {
			isa = PBXGroup;
			children = (
				B6710D24167FE846007B026E /* TTSAppDelegate.h */,
				B6710D25167FE846007B026E /* TTSAppDelegate.m */,
				B6710D551680AE18007B026E /* Controllers */,
				B6710D541680AE12007B026E /* Views */,
				B6710D531680AE06007B026E /* Models */,
				B6710D561680AE35007B026E /* Helpers */,
				B6D78AC91682359C00D52331 /* Protocols */,
				B6710D1C167FE846007B026E /* Supporting Files */,
				B69256F51684C4C000CC703B /* Map.xcdatamodeld */,
			);
			path = SpotTheDot;
			sourceTree = "<group>";
		};
		B6710D1C167FE846007B026E /* Supporting Files */ = {
			isa = PBXGroup;
			children = (
				B6710D1D167FE846007B026E /* SpotTheDot-Info.plist */,
				B6710D1E167FE846007B026E /* InfoPlist.strings */,
				B6710D21167FE846007B026E /* main.m */,
				B6710D23167FE846007B026E /* SpotTheDot-Prefix.pch */,
				B6710D27167FE846007B026E /* Default.png */,
				B6710D29167FE846007B026E /* Default@2x.png */,
				B6710D2B167FE846007B026E /* Default-568h@2x.png */,
			);
			name = "Supporting Files";
			sourceTree = "<group>";
		};
		B6710D42167FE846007B026E /* SpotTheDotTests */ = {
			isa = PBXGroup;
			children = (
				B6710D48167FE846007B026E /* SpotTheDotTests.h */,
				B6710D49167FE846007B026E /* SpotTheDotTests.m */,
				B6710D5D1680AF1D007B026E /* TTSTestMap.h */,
				B6710D5E1680AF1D007B026E /* TTSTestMap.m */,
				B6710D43167FE846007B026E /* Supporting Files */,
			);
			path = SpotTheDotTests;
			sourceTree = "<group>";
		};
		B6710D43167FE846007B026E /* Supporting Files */ = {
			isa = PBXGroup;
			children = (
				B6710D44167FE846007B026E /* SpotTheDotTests-Info.plist */,
				B6710D45167FE846007B026E /* InfoPlist.strings */,
			);
			name = "Supporting Files";
			sourceTree = "<group>";
		};
		B6710D531680AE06007B026E /* Models */ = {
			isa = PBXGroup;
			children = (
				B6710D571680AE70007B026E /* TTSDot.h */,
				B6710D581680AE70007B026E /* TTSDot.m */,
				B6710D5A1680AE98007B026E /* TTSMap.h */,
				B6710D5B1680AE98007B026E /* TTSMap.m */,
			);
			name = Models;
			sourceTree = "<group>";
		};
		B6710D541680AE12007B026E /* Views */ = {
			isa = PBXGroup;
			children = (
				B6710D2D167FE846007B026E /* MainStoryboard_iPhone.storyboard */,
				B6710D30167FE846007B026E /* MainStoryboard_iPad.storyboard */,
			);
			name = Views;
			sourceTree = "<group>";
		};
		B6710D551680AE18007B026E /* Controllers */ = {
			isa = PBXGroup;
			children = (
				B6710D33167FE846007B026E /* TTSViewController.h */,
				B6710D34167FE846007B026E /* TTSViewController.m */,
				B693DB731682B517003F2F57 /* TTSCategoryListViewController.h */,
				B693DB741682B517003F2F57 /* TTSCategoryListViewController.m */,
				B62385B816835B610039478E /* TTSMapListViewController.h */,
				B62385B916835B610039478E /* TTSMapListViewController.m */,
				B693DB761682B545003F2F57 /* TTSSettingsViewController.h */,
				B693DB771682B545003F2F57 /* TTSSettingsViewController.m */,
				B693DB791682B565003F2F57 /* TTSMultiplayerViewController.h */,
				B693DB7A1682B565003F2F57 /* TTSMultiplayerViewController.m */,
			);
			name = Controllers;
			sourceTree = "<group>";
		};
		B6710D561680AE35007B026E /* Helpers */ = {
			isa = PBXGroup;
			children = (
				B693DB6B1682ABD9003F2F57 /* TTSDotToDotsList.h */,
				B693DB6C1682ABD9003F2F57 /* TTSDotToDotsList.m */,
				B6F60BD3168E15B9002C3666 /* TTSCategoryData.h */,
				B6F60BD4168E15B9002C3666 /* TTSCategoryData.m */,
				B6F60BD6168E23AA002C3666 /* TTSMapData.h */,
				B6F60BD7168E23AA002C3666 /* TTSMapData.m */,
			);
			name = Helpers;
			sourceTree = "<group>";
		};
		B69256BC1684C35C00CC703B /* StackMob-v1.1.3 */ = {
			isa = PBXGroup;
			children = (
				B69256BD1684C35C00CC703B /* CHANGELOG.md */,
				B69256BE1684C35C00CC703B /* Headers */,
				B69256E91684C35C00CC703B /* libstackmob-v1.1.3.a */,
			);
			path = "StackMob-v1.1.3";
			sourceTree = "<group>";
		};
		B69256BE1684C35C00CC703B /* Headers */ = {
			isa = PBXGroup;
			children = (
				B69256BF1684C35C00CC703B /* AFHTTPClient.h */,
				B69256C01684C35C00CC703B /* AFHTTPRequestOperation.h */,
				B69256C11684C35C00CC703B /* AFImageRequestOperation.h */,
				B69256C21684C35C00CC703B /* AFJSONRequestOperation.h */,
				B69256C31684C35C00CC703B /* AFJSONUtilities.h */,
				B69256C41684C35C00CC703B /* AFNetworkActivityIndicatorManager.h */,
				B69256C51684C35C00CC703B /* AFNetworking.h */,
				B69256C61684C35C00CC703B /* AFPropertyListRequestOperation.h */,
				B69256C71684C35C00CC703B /* AFURLConnectionOperation.h */,
				B69256C81684C35C00CC703B /* AFXMLRequestOperation.h */,
				B69256C91684C35C00CC703B /* Base64EncodedStringFromData.h */,
				B69256CA1684C35C00CC703B /* KeychainWrapper.h */,
				B69256CB1684C35C00CC703B /* NSArray+Enumerable.h */,
				B69256CC1684C35C00CC703B /* NSDictionary+AtomicCounter.h */,
				B69256CD1684C35C00CC703B /* NSEntityDescription+StackMobSerialization.h */,
				B69256CE1684C35C00CC703B /* NSManagedObject+StackMobSerialization.h */,
				B69256CF1684C35C00CC703B /* SMBinaryDataConversion.h */,
				B69256D01684C35C00CC703B /* SMClient.h */,
				B69256D11684C35C00CC703B /* SMCoreDataStore.h */,
				B69256D21684C35C00CC703B /* SMCustomCodeRequest.h */,
				B69256D31684C35C00CC703B /* SMDataStore+Protected.h */,
				B69256D41684C35C00CC703B /* SMDataStore.h */,
				B69256D51684C35C00CC703B /* SMError.h */,
				B69256D61684C35C00CC703B /* SMIncrementalStore+Query.h */,
				B69256D71684C35C00CC703B /* SMIncrementalStore.h */,
				B69256D81684C35C00CC703B /* SMJSONRequestOperation.h */,
				B69256D91684C35C00CC703B /* SMNetworkReachability.h */,
				B69256DA1684C35C00CC703B /* SMOAuth1Client.h */,
				B69256DB1684C35C00CC703B /* SMOAuth2Client.h */,
				B69256DC1684C35C00CC703B /* SMPushClient.h */,
				B69256DD1684C35C00CC703B /* SMPushToken.h */,
				B69256DE1684C35C00CC703B /* SMQuery.h */,
				B69256DF1684C35C00CC703B /* SMRequestOptions.h */,
				B69256E01684C35C00CC703B /* SMResponseBlocks.h */,
				B69256E11684C35C00CC703B /* SMUserManagedObject.h */,
				B69256E21684C35C00CC703B /* SMUserSession.h */,
				B69256E31684C35C00CC703B /* SMVersion.h */,
				B69256E41684C35C00CC703B /* StackMob.h */,
				B69256E51684C35C00CC703B /* StackMobPush.h */,
				B69256E61684C35C00CC703B /* Synchronization.h */,
				B69256E71684C35C00CC703B /* SystemInformation.h */,
				B69256E81684C35C00CC703B /* UIImageView+AFNetworking.h */,
			);
			path = Headers;
			sourceTree = "<group>";
		};
		B6D78AC91682359C00D52331 /* Protocols */ = {
			isa = PBXGroup;
			children = (
				B693DB6A1682ABD9003F2F57 /* TTSDotMapDataSource.h */,
				B6710D601680B2D4007B026E /* TTSMapDelegate.h */,
				B6F60BD1168E08EE002C3666 /* TTSDataSource.h */,
			);
			name = Protocols;
			sourceTree = "<group>";
		};
/* End PBXGroup section */

/* Begin PBXNativeTarget section */
		B6710D10167FE846007B026E /* SpotTheDot */ = {
			isa = PBXNativeTarget;
			buildConfigurationList = B6710D4D167FE846007B026E /* Build configuration list for PBXNativeTarget "SpotTheDot" */;
			buildPhases = (
				B6710D0D167FE846007B026E /* Sources */,
				B6710D0E167FE846007B026E /* Frameworks */,
				B6710D0F167FE846007B026E /* Resources */,
			);
			buildRules = (
			);
			dependencies = (
			);
			name = SpotTheDot;
			productName = SpotTheDot;
			productReference = B6710D11167FE846007B026E /* SpotTheDot.app */;
			productType = "com.apple.product-type.application";
		};
		B6710D3A167FE846007B026E /* SpotTheDotTests */ = {
			isa = PBXNativeTarget;
			buildConfigurationList = B6710D50167FE846007B026E /* Build configuration list for PBXNativeTarget "SpotTheDotTests" */;
			buildPhases = (
				B6710D36167FE846007B026E /* Sources */,
				B6710D37167FE846007B026E /* Frameworks */,
				B6710D38167FE846007B026E /* Resources */,
				B6710D39167FE846007B026E /* ShellScript */,
			);
			buildRules = (
			);
			dependencies = (
				B6710D41167FE846007B026E /* PBXTargetDependency */,
			);
			name = SpotTheDotTests;
			productName = SpotTheDotTests;
			productReference = B6710D3B167FE846007B026E /* SpotTheDotTests.octest */;
			productType = "com.apple.product-type.bundle";
		};
/* End PBXNativeTarget section */

/* Begin PBXProject section */
		B6710D08167FE846007B026E /* Project object */ = {
			isa = PBXProject;
			attributes = {
				CLASSPREFIX = TTS;
				LastUpgradeCheck = 0450;
				ORGANIZATIONNAME = "Thought Syndicate";
			};
			buildConfigurationList = B6710D0B167FE846007B026E /* Build configuration list for PBXProject "SpotTheDot" */;
			compatibilityVersion = "Xcode 3.2";
			developmentRegion = English;
			hasScannedForEncodings = 0;
			knownRegions = (
				en,
			);
			mainGroup = B6710D06167FE846007B026E;
			productRefGroup = B6710D12167FE846007B026E /* Products */;
			projectDirPath = "";
			projectRoot = "";
			targets = (
				B6710D10167FE846007B026E /* SpotTheDot */,
				B6710D3A167FE846007B026E /* SpotTheDotTests */,
			);
		};
/* End PBXProject section */

/* Begin PBXResourcesBuildPhase section */
		B6710D0F167FE846007B026E /* Resources */ = {
			isa = PBXResourcesBuildPhase;
			buildActionMask = 2147483647;
			files = (
				B6710D20167FE846007B026E /* InfoPlist.strings in Resources */,
				B6710D28167FE846007B026E /* Default.png in Resources */,
				B6710D2A167FE846007B026E /* Default@2x.png in Resources */,
				B6710D2C167FE846007B026E /* Default-568h@2x.png in Resources */,
				B6710D2F167FE846007B026E /* MainStoryboard_iPhone.storyboard in Resources */,
				B6710D32167FE846007B026E /* MainStoryboard_iPad.storyboard in Resources */,
				B69256EA1684C35C00CC703B /* CHANGELOG.md in Resources */,
			);
			runOnlyForDeploymentPostprocessing = 0;
		};
		B6710D38167FE846007B026E /* Resources */ = {
			isa = PBXResourcesBuildPhase;
			buildActionMask = 2147483647;
			files = (
				B6710D47167FE846007B026E /* InfoPlist.strings in Resources */,
			);
			runOnlyForDeploymentPostprocessing = 0;
		};
/* End PBXResourcesBuildPhase section */

/* Begin PBXShellScriptBuildPhase section */
		B6710D39167FE846007B026E /* ShellScript */ = {
			isa = PBXShellScriptBuildPhase;
			buildActionMask = 2147483647;
			files = (
			);
			inputPaths = (
			);
			outputPaths = (
			);
			runOnlyForDeploymentPostprocessing = 0;
			shellPath = /bin/sh;
			shellScript = "# Run the unit tests in this test bundle.\n\"${SYSTEM_DEVELOPER_DIR}/Tools/RunUnitTests\"\n";
		};
/* End PBXShellScriptBuildPhase section */

/* Begin PBXSourcesBuildPhase section */
		B6710D0D167FE846007B026E /* Sources */ = {
			isa = PBXSourcesBuildPhase;
			buildActionMask = 2147483647;
			files = (
				B6710D22167FE846007B026E /* main.m in Sources */,
				B6710D26167FE846007B026E /* TTSAppDelegate.m in Sources */,
				B6710D35167FE846007B026E /* TTSViewController.m in Sources */,
				B6710D591680AE70007B026E /* TTSDot.m in Sources */,
				B6710D5C1680AE98007B026E /* TTSMap.m in Sources */,
				B693DB6D1682ABD9003F2F57 /* TTSDotToDotsList.m in Sources */,
				B693DB751682B517003F2F57 /* TTSCategoryListViewController.m in Sources */,
				B693DB781682B545003F2F57 /* TTSSettingsViewController.m in Sources */,
				B693DB7B1682B565003F2F57 /* TTSMultiplayerViewController.m in Sources */,
				B62385BA16835B610039478E /* TTSMapListViewController.m in Sources */,
				B69256F71684C4C000CC703B /* Map.xcdatamodeld in Sources */,
				B6F60BD5168E15B9002C3666 /* TTSCategoryData.m in Sources */,
				B6F60BD8168E23AA002C3666 /* TTSMapData.m in Sources */,
			);
			runOnlyForDeploymentPostprocessing = 0;
		};
		B6710D36167FE846007B026E /* Sources */ = {
			isa = PBXSourcesBuildPhase;
			buildActionMask = 2147483647;
			files = (
				B6710D4A167FE846007B026E /* SpotTheDotTests.m in Sources */,
				B6710D5F1680AF1D007B026E /* TTSTestMap.m in Sources */,
			);
			runOnlyForDeploymentPostprocessing = 0;
		};
/* End PBXSourcesBuildPhase section */

/* Begin PBXTargetDependency section */
		B6710D41167FE846007B026E /* PBXTargetDependency */ = {
			isa = PBXTargetDependency;
			target = B6710D10167FE846007B026E /* SpotTheDot */;
			targetProxy = B6710D40167FE846007B026E /* PBXContainerItemProxy */;
		};
/* End PBXTargetDependency section */

/* Begin PBXVariantGroup section */
		B6710D1E167FE846007B026E /* InfoPlist.strings */ = {
			isa = PBXVariantGroup;
			children = (
				B6710D1F167FE846007B026E /* en */,
			);
			name = InfoPlist.strings;
			sourceTree = "<group>";
		};
		B6710D2D167FE846007B026E /* MainStoryboard_iPhone.storyboard */ = {
			isa = PBXVariantGroup;
			children = (
				B6710D2E167FE846007B026E /* en */,
			);
			name = MainStoryboard_iPhone.storyboard;
			sourceTree = "<group>";
		};
		B6710D30167FE846007B026E /* MainStoryboard_iPad.storyboard */ = {
			isa = PBXVariantGroup;
			children = (
				B6710D31167FE846007B026E /* en */,
			);
			name = MainStoryboard_iPad.storyboard;
			sourceTree = "<group>";
		};
		B6710D45167FE846007B026E /* InfoPlist.strings */ = {
			isa = PBXVariantGroup;
			children = (
				B6710D46167FE846007B026E /* en */,
			);
			name = InfoPlist.strings;
			sourceTree = "<group>";
		};
/* End PBXVariantGroup section */

/* Begin XCBuildConfiguration section */
		B6710D4B167FE846007B026E /* Debug */ = {
			isa = XCBuildConfiguration;
			buildSettings = {
				ALWAYS_SEARCH_USER_PATHS = NO;
				CLANG_CXX_LANGUAGE_STANDARD = "gnu++0x";
				CLANG_CXX_LIBRARY = "libc++";
				CLANG_ENABLE_OBJC_ARC = YES;
				CLANG_WARN_EMPTY_BODY = YES;
				CLANG_WARN__DUPLICATE_METHOD_MATCH = YES;
				"CODE_SIGN_IDENTITY[sdk=iphoneos*]" = "iPhone Developer";
				COPY_PHASE_STRIP = NO;
				GCC_C_LANGUAGE_STANDARD = gnu99;
				GCC_DYNAMIC_NO_PIC = NO;
				GCC_OPTIMIZATION_LEVEL = 0;
				GCC_PREPROCESSOR_DEFINITIONS = (
					"DEBUG=1",
					"$(inherited)",
				);
				GCC_SYMBOLS_PRIVATE_EXTERN = NO;
				GCC_WARN_ABOUT_RETURN_TYPE = YES;
				GCC_WARN_UNINITIALIZED_AUTOS = YES;
				GCC_WARN_UNUSED_VARIABLE = YES;
				IPHONEOS_DEPLOYMENT_TARGET = 6.0;
				ONLY_ACTIVE_ARCH = YES;
				OTHER_LDFLAGS = "-ObjC";
				SDKROOT = iphoneos;
				TARGETED_DEVICE_FAMILY = "1,2";
			};
			name = Debug;
		};
		B6710D4C167FE846007B026E /* Release */ = {
			isa = XCBuildConfiguration;
			buildSettings = {
				ALWAYS_SEARCH_USER_PATHS = NO;
				CLANG_CXX_LANGUAGE_STANDARD = "gnu++0x";
				CLANG_CXX_LIBRARY = "libc++";
				CLANG_ENABLE_OBJC_ARC = YES;
				CLANG_WARN_EMPTY_BODY = YES;
				CLANG_WARN__DUPLICATE_METHOD_MATCH = YES;
				"CODE_SIGN_IDENTITY[sdk=iphoneos*]" = "iPhone Developer";
				COPY_PHASE_STRIP = YES;
				GCC_C_LANGUAGE_STANDARD = gnu99;
				GCC_WARN_ABOUT_RETURN_TYPE = YES;
				GCC_WARN_UNINITIALIZED_AUTOS = YES;
				GCC_WARN_UNUSED_VARIABLE = YES;
				IPHONEOS_DEPLOYMENT_TARGET = 6.0;
				OTHER_CFLAGS = "-DNS_BLOCK_ASSERTIONS=1";
				OTHER_LDFLAGS = "-ObjC";
				SDKROOT = iphoneos;
				TARGETED_DEVICE_FAMILY = "1,2";
				VALIDATE_PRODUCT = YES;
			};
			name = Release;
		};
		B6710D4E167FE846007B026E /* Debug */ = {
			isa = XCBuildConfiguration;
			buildSettings = {
				GCC_PRECOMPILE_PREFIX_HEADER = YES;
				GCC_PREFIX_HEADER = "SpotTheDot/SpotTheDot-Prefix.pch";
				INFOPLIST_FILE = "SpotTheDot/SpotTheDot-Info.plist";
				LIBRARY_SEARCH_PATHS = (
					"$(inherited)",
					"\"$(SRCROOT)/StackMob-v1.1.3\"",
				);
				PRODUCT_NAME = "$(TARGET_NAME)";
				WRAPPER_EXTENSION = app;
			};
			name = Debug;
		};
		B6710D4F167FE846007B026E /* Release */ = {
			isa = XCBuildConfiguration;
			buildSettings = {
				GCC_PRECOMPILE_PREFIX_HEADER = YES;
				GCC_PREFIX_HEADER = "SpotTheDot/SpotTheDot-Prefix.pch";
				INFOPLIST_FILE = "SpotTheDot/SpotTheDot-Info.plist";
				LIBRARY_SEARCH_PATHS = (
					"$(inherited)",
					"\"$(SRCROOT)/StackMob-v1.1.3\"",
				);
				PRODUCT_NAME = "$(TARGET_NAME)";
				WRAPPER_EXTENSION = app;
			};
			name = Release;
		};
		B6710D51167FE846007B026E /* Debug */ = {
			isa = XCBuildConfiguration;
			buildSettings = {
				BUNDLE_LOADER = "$(BUILT_PRODUCTS_DIR)/SpotTheDot.app/SpotTheDot";
				FRAMEWORK_SEARCH_PATHS = (
					"\"$(SDKROOT)/Developer/Library/Frameworks\"",
					"\"$(DEVELOPER_LIBRARY_DIR)/Frameworks\"",
				);
				GCC_PRECOMPILE_PREFIX_HEADER = YES;
				GCC_PREFIX_HEADER = "SpotTheDot/SpotTheDot-Prefix.pch";
				INFOPLIST_FILE = "SpotTheDotTests/SpotTheDotTests-Info.plist";
				PRODUCT_NAME = "$(TARGET_NAME)";
				TEST_HOST = "$(BUNDLE_LOADER)";
				WRAPPER_EXTENSION = octest;
			};
			name = Debug;
		};
		B6710D52167FE846007B026E /* Release */ = {
			isa = XCBuildConfiguration;
			buildSettings = {
				BUNDLE_LOADER = "$(BUILT_PRODUCTS_DIR)/SpotTheDot.app/SpotTheDot";
				FRAMEWORK_SEARCH_PATHS = (
					"\"$(SDKROOT)/Developer/Library/Frameworks\"",
					"\"$(DEVELOPER_LIBRARY_DIR)/Frameworks\"",
				);
				GCC_PRECOMPILE_PREFIX_HEADER = YES;
				GCC_PREFIX_HEADER = "SpotTheDot/SpotTheDot-Prefix.pch";
				INFOPLIST_FILE = "SpotTheDotTests/SpotTheDotTests-Info.plist";
				PRODUCT_NAME = "$(TARGET_NAME)";
				TEST_HOST = "$(BUNDLE_LOADER)";
				WRAPPER_EXTENSION = octest;
			};
			name = Release;
		};
/* End XCBuildConfiguration section */

/* Begin XCConfigurationList section */
		B6710D0B167FE846007B026E /* Build configuration list for PBXProject "SpotTheDot" */ = {
			isa = XCConfigurationList;
			buildConfigurations = (
				B6710D4B167FE846007B026E /* Debug */,
				B6710D4C167FE846007B026E /* Release */,
			);
			defaultConfigurationIsVisible = 0;
			defaultConfigurationName = Release;
		};
		B6710D4D167FE846007B026E /* Build configuration list for PBXNativeTarget "SpotTheDot" */ = {
			isa = XCConfigurationList;
			buildConfigurations = (
				B6710D4E167FE846007B026E /* Debug */,
				B6710D4F167FE846007B026E /* Release */,
			);
			defaultConfigurationIsVisible = 0;
			defaultConfigurationName = Release;
		};
		B6710D50167FE846007B026E /* Build configuration list for PBXNativeTarget "SpotTheDotTests" */ = {
			isa = XCConfigurationList;
			buildConfigurations = (
				B6710D51167FE846007B026E /* Debug */,
				B6710D52167FE846007B026E /* Release */,
			);
			defaultConfigurationIsVisible = 0;
			defaultConfigurationName = Release;
		};
/* End XCConfigurationList section */

/* Begin XCVersionGroup section */
		B69256F51684C4C000CC703B /* Map.xcdatamodeld */ = {
			isa = XCVersionGroup;
			children = (
				B69256F61684C4C000CC703B /* Map.xcdatamodel */,
			);
			currentVersion = B69256F61684C4C000CC703B /* Map.xcdatamodel */;
			path = Map.xcdatamodeld;
			sourceTree = "<group>";
			versionGroupType = wrapper.xcdatamodel;
		};
/* End XCVersionGroup section */
	};
	rootObject = B6710D08167FE846007B026E /* Project object */;
}
